
Microsoft Visual Studio Solution File, Format Version 12.00
# Visual Studio Version 17
VisualStudioVersion = 17.6.33815.320
MinimumVisualStudioVersion = 10.0.40219.1
Project("{8BC9CEB8-8B4A-11D0-8D11-00A0C91BC942}") = "Inheritance", "Inheritance\Inheritance.vcxproj", "{4CF30D71-3178-499E-AA01-B19DDB1E3FF1}"
EndProject
Project("{8BC9CEB8-8B4A-11D0-8D11-00A0C91BC942}") = "Academy", "Academy\Academy.vcxproj", "{1251ABAC-58D4-4CAF-BD6A-47D34744DD31}"
EndProject
Global
	GlobalSection(SolutionConfigurationPlatforms) = preSolution
		Debug|x64 = Debug|x64
		Debug|x86 = Debug|x86
		Release|x64 = Release|x64
		Release|x86 = Release|x86
	EndGlobalSection
	GlobalSection(ProjectConfigurationPlatforms) = postSolution
		{4CF30D71-3178-499E-AA01-B19DDB1E3FF1}.Debug|x64.ActiveCfg = Debug|x64
		{4CF30D71-3178-499E-AA01-B19DDB1E3FF1}.Debug|x64.Build.0 = Debug|x64
		{4CF30D71-3178-499E-AA01-B19DDB1E3FF1}.Debug|x86.ActiveCfg = Debug|Win32
		{4CF30D71-3178-499E-AA01-B19DDB1E3FF1}.Debug|x86.Build.0 = Debug|Win32
		{4CF30D71-3178-499E-AA01-B19DDB1E3FF1}.Release|x64.ActiveCfg = Release|x64
		{4CF30D71-3178-499E-AA01-B19DDB1E3FF1}.Release|x64.Build.0 = Release|x64
		{4CF30D71-3178-499E-AA01-B19DDB1E3FF1}.Release|x86.ActiveCfg = Release|Win32
		{4CF30D71-3178-499E-AA01-B19DDB1E3FF1}.Release|x86.Build.0 = Release|Win32
		{1251ABAC-58D4-4CAF-BD6A-47D34744DD31}.Debug|x64.ActiveCfg = Debug|x64
		{1251ABAC-58D4-4CAF-BD6A-47D34744DD31}.Debug|x64.Build.0 = Debug|x64
		{1251ABAC-58D4-4CAF-BD6A-47D34744DD31}.Debug|x86.ActiveCfg = Debug|Win32
		{1251ABAC-58D4-4CAF-BD6A-47D34744DD31}.Debug|x86.Build.0 = Debug|Win32
		{1251ABAC-58D4-4CAF-BD6A-47D34744DD31}.Release|x64.ActiveCfg = Release|x64
		{1251ABAC-58D4-4CAF-BD6A-47D34744DD31}.Release|x64.Build.0 = Release|x64
		{1251ABAC-58D4-4CAF-BD6A-47D34744DD31}.Release|x86.ActiveCfg = Release|Win32
		{1251ABAC-58D4-4CAF-BD6A-47D34744DD31}.Release|x86.Build.0 = Release|Win32
	EndGlobalSection
	GlobalSection(SolutionProperties) = preSolution
		HideSolutionNode = FALSE
	EndGlobalSection
	GlobalSection(ExtensibilityGlobals) = postSolution
		SolutionGuid = {1701523B-3E8A-4B77-BF92-E508243E8BE7}
	EndGlobalSection
EndGlobal
